
Microsoft Visual Studio Solution File, Format Version 12.00
# Visual Studio Version 16
VisualStudioVersion = 16.0.30907.101
MinimumVisualStudioVersion = 10.0.40219.1
Project("{FAE04EC0-301F-11D3-BF4B-00C04F79EFBC}") = "sharpSync", "sharpSync.csproj", "{8FB56FFF-F7B5-430D-B5E6-67ABDC51A85B}"
EndProject
Project("{FAE04EC0-301F-11D3-BF4B-00C04F79EFBC}") = "temp_launcher", "..\temp_launcher\temp_launcher.csproj", "{622A291D-BBF0-47C9-9895-792D1842BD89}"
EndProject
Global
	GlobalSection(SolutionConfigurationPlatforms) = preSolution
		Debug|Any CPU = Debug|Any CPU
		Release|Any CPU = Release|Any CPU
	EndGlobalSection
	GlobalSection(ProjectConfigurationPlatforms) = postSolution
		{8FB56FFF-F7B5-430D-B5E6-67ABDC51A85B}.Debug|Any CPU.ActiveCfg = Debug|Any CPU
		{8FB56FFF-F7B5-430D-B5E6-67ABDC51A85B}.Debug|Any CPU.Build.0 = Debug|Any CPU
		{8FB56FFF-F7B5-430D-B5E6-67ABDC51A85B}.Release|Any CPU.ActiveCfg = Release|Any CPU
		{8FB56FFF-F7B5-430D-B5E6-67ABDC51A85B}.Release|Any CPU.Build.0 = Release|Any CPU
		{622A291D-BBF0-47C9-9895-792D1842BD89}.Debug|Any CPU.ActiveCfg = Debug|Any CPU
		{622A291D-BBF0-47C9-9895-792D1842BD89}.Debug|Any CPU.Build.0 = Debug|Any CPU
		{622A291D-BBF0-47C9-9895-792D1842BD89}.Release|Any CPU.ActiveCfg = Release|Any CPU
		{622A291D-BBF0-47C9-9895-792D1842BD89}.Release|Any CPU.Build.0 = Release|Any CPU
	EndGlobalSection
	GlobalSection(SolutionProperties) = preSolution
		HideSolutionNode = FALSE
	EndGlobalSection
	GlobalSection(ExtensibilityGlobals) = postSolution
		SolutionGuid = {FD90F142-06F8-4835-9A58-6C3CD401B778}
	EndGlobalSection
EndGlobal
